PODS:
  - Capacitor (5.0.4):
    - CapacitorCordova
  - CapacitorCommunityBarcodeScanner (4.0.1):
    - Capacitor
  - CapacitorCordova (5.0.4)

DEPENDENCIES:
  - "Capacitor (from `../../node_modules/@capacitor/ios`)"
  - "CapacitorCommunityBarcodeScanner (from `../../node_modules/@capacitor-community/barcode-scanner`)"
  - "CapacitorCordova (from `../../node_modules/@capacitor/ios`)"

EXTERNAL SOURCES:
  Capacitor:
    :path: "../../node_modules/@capacitor/ios"
  CapacitorCommunityBarcodeScanner:
    :path: "../../node_modules/@capacitor-community/barcode-scanner"
  CapacitorCordova:
    :path: "../../node_modules/@capacitor/ios"

SPEC CHECKSUMS:
  Capacitor: d3d4463573438b9fa65326d1f3549da6f4c21634
  CapacitorCommunityBarcodeScanner: 7feb206489c8555a8ca0c74c57ddf49ead774eb8
  CapacitorCordova: b1fe6bf1f36974a8e4a9044b342d22d49c0996d6

PODFILE CHECKSUM: 449805a22c1ea82167cc5c043d089a3d29d1d6a8

COCOAPODS: 1.12.0
